
Microsoft Visual Studio Solution File, Format Version 12.00
# Visual Studio Version 17
VisualStudioVersion = 17.6.33829.357
MinimumVisualStudioVersion = 10.0.40219.1
Project("{FAE04EC0-301F-11D3-BF4B-00C04F79EFBC}") = "ProgramEmployeePerson", "ProgramEmployeePerson\ProgramEmployeePerson.csproj", "{5F189819-16AB-4F7A-A33A-46E5524EF05A}"
EndProject
Global
	GlobalSection(SolutionConfigurationPlatforms) = preSolution
		Debug|Any CPU = Debug|Any CPU
		Release|Any CPU = Release|Any CPU
	EndGlobalSection
	GlobalSection(ProjectConfigurationPlatforms) = postSolution
		{5F189819-16AB-4F7A-A33A-46E5524EF05A}.Debug|Any CPU.ActiveCfg = Debug|Any CPU
		{5F189819-16AB-4F7A-A33A-46E5524EF05A}.Debug|Any CPU.Build.0 = Debug|Any CPU
		{5F189819-16AB-4F7A-A33A-46E5524EF05A}.Release|Any CPU.ActiveCfg = Release|Any CPU
		{5F189819-16AB-4F7A-A33A-46E5524EF05A}.Release|Any CPU.Build.0 = Release|Any CPU
	EndGlobalSection
	GlobalSection(SolutionProperties) = preSolution
		HideSolutionNode = FALSE
	EndGlobalSection
	GlobalSection(ExtensibilityGlobals) = postSolution
		SolutionGuid = {89F0C063-0ADE-4EE8-8640-795422757340}
	EndGlobalSection
EndGlobal
